
Microsoft Visual Studio Solution File, Format Version 12.00
# Visual Studio Version 17
VisualStudioVersion = 17.11.35222.181
MinimumVisualStudioVersion = 10.0.40219.1
Project("{9A19103F-16F7-4668-BE54-9A1E7A4F7556}") = "MusicPlayList", "MusicPlayList\MusicPlayList.csproj", "{9E78F197-8283-4B1B-91FC-87060BD7F62D}"
EndProject
Project("{9A19103F-16F7-4668-BE54-9A1E7A4F7556}") = "MusicPlayApp.BLL", "MusicPlayApp.BLL\MusicPlayApp.BLL.csproj", "{A24BA787-09AB-41BD-AC80-4120CC7B6810}"
EndProject
Project("{9A19103F-16F7-4668-BE54-9A1E7A4F7556}") = "MusicPlayApp.DLL", "MusicPlayApp.DLL\MusicPlayApp.DLL.csproj", "{66F4B718-2081-41BD-9667-49F6E46C5C40}"
EndProject
Global
	GlobalSection(SolutionConfigurationPlatforms) = preSolution
		Debug|Any CPU = Debug|Any CPU
		Release|Any CPU = Release|Any CPU
	EndGlobalSection
	GlobalSection(ProjectConfigurationPlatforms) = postSolution
		{9E78F197-8283-4B1B-91FC-87060BD7F62D}.Debug|Any CPU.ActiveCfg = Debug|Any CPU
		{9E78F197-8283-4B1B-91FC-87060BD7F62D}.Debug|Any CPU.Build.0 = Debug|Any CPU
		{9E78F197-8283-4B1B-91FC-87060BD7F62D}.Release|Any CPU.ActiveCfg = Release|Any CPU
		{9E78F197-8283-4B1B-91FC-87060BD7F62D}.Release|Any CPU.Build.0 = Release|Any CPU
		{A24BA787-09AB-41BD-AC80-4120CC7B6810}.Debug|Any CPU.ActiveCfg = Debug|Any CPU
		{A24BA787-09AB-41BD-AC80-4120CC7B6810}.Debug|Any CPU.Build.0 = Debug|Any CPU
		{A24BA787-09AB-41BD-AC80-4120CC7B6810}.Release|Any CPU.ActiveCfg = Release|Any CPU
		{A24BA787-09AB-41BD-AC80-4120CC7B6810}.Release|Any CPU.Build.0 = Release|Any CPU
		{66F4B718-2081-41BD-9667-49F6E46C5C40}.Debug|Any CPU.ActiveCfg = Debug|Any CPU
		{66F4B718-2081-41BD-9667-49F6E46C5C40}.Debug|Any CPU.Build.0 = Debug|Any CPU
		{66F4B718-2081-41BD-9667-49F6E46C5C40}.Release|Any CPU.ActiveCfg = Release|Any CPU
		{66F4B718-2081-41BD-9667-49F6E46C5C40}.Release|Any CPU.Build.0 = Release|Any CPU
	EndGlobalSection
	GlobalSection(SolutionProperties) = preSolution
		HideSolutionNode = FALSE
	EndGlobalSection
	GlobalSection(ExtensibilityGlobals) = postSolution
		SolutionGuid = {05FAF524-2E89-4692-9067-561D16E45E2F}
	EndGlobalSection
EndGlobal
